// !$*UTF8*$!
{
	archiveVersion = 1;
	classes = {
	};
	objectVersion = 51;
	objects = {

/* Begin PBXBuildFile section */
		1D26C087C73F342795B1F8D6 /* Pods_BookAppFB.framework in Frameworks */ = {isa = PBXBuildFile; fileRef = B191F4E3487F4350A7636B54 /* Pods_BookAppFB.framework */; };
		270518D22467485A00D862A5 /* Store.swift in Sources */ = {isa = PBXBuildFile; fileRef = 270518D12467485A00D862A5 /* Store.swift */; };
		2719523B246F83FA00F9E0B5 /* Recent.swift in Sources */ = {isa = PBXBuildFile; fileRef = 2719523A246F83FA00F9E0B5 /* Recent.swift */; };
		2719F0862464B1F90065688E /* oak-tree-40@2x.png in Resources */ = {isa = PBXBuildFile; fileRef = 2719F01D2464B1F90065688E /* oak-tree-40@2x.png */; };
		2719F0872464B1F90065688E /* oak-tree-76@2x.png in Resources */ = {isa = PBXBuildFile; fileRef = 2719F01E2464B1F90065688E /* oak-tree-76@2x.png */; };
		2719F0882464B1F90065688E /* oak-tree-40.png in Resources */ = {isa = PBXBuildFile; fileRef = 2719F01F2464B1F90065688E /* oak-tree-40.png */; };
		2719F0892464B1F90065688E /* oak-tree-40@3x.png in Resources */ = {isa = PBXBuildFile; fileRef = 2719F0202464B1F90065688E /* oak-tree-40@3x.png */; };
		2719F08A2464B1F90065688E /* oak-tree-29@2x.png in Resources */ = {isa = PBXBuildFile; fileRef = 2719F0212464B1F90065688E /* oak-tree-29@2x.png */; };
		2719F08B2464B1F90065688E /* oak-tree-20.png in Resources */ = {isa = PBXBuildFile; fileRef = 2719F0222464B1F90065688E /* oak-tree-20.png */; };
		2719F08C2464B1F90065688E /* oak-tree-60@3x.png in Resources */ = {isa = PBXBuildFile; fileRef = 2719F0232464B1F90065688E /* oak-tree-60@3x.png */; };
		2719F08D2464B1F90065688E /* oak-tree-60@2x.png in Resources */ = {isa = PBXBuildFile; fileRef = 2719F0242464B1F90065688E /* oak-tree-60@2x.png */; };
		2719F08E2464B1F90065688E /* oak-tree-29@3x.png in Resources */ = {isa = PBXBuildFile; fileRef = 2719F0252464B1F90065688E /* oak-tree-29@3x.png */; };
		2719F08F2464B1F90065688E /* oak-tree-83.5@2x.png in Resources */ = {isa = PBXBuildFile; fileRef = 2719F0262464B1F90065688E /* oak-tree-83.5@2x.png */; };
		2719F0902464B1F90065688E /* oak-tree-20@3x.png in Resources */ = {isa = PBXBuildFile; fileRef = 2719F0272464B1F90065688E /* oak-tree-20@3x.png */; };
		2719F0912464B1F90065688E /* oak-tree-29.png in Resources */ = {isa = PBXBuildFile; fileRef = 2719F0282464B1F90065688E /* oak-tree-29.png */; };
		2719F0922464B1F90065688E /* oak-tree-20@2x.png in Resources */ = {isa = PBXBuildFile; fileRef = 2719F0292464B1F90065688E /* oak-tree-20@2x.png */; };
		2719F0932464B1F90065688E /* Contents.json in Resources */ = {isa = PBXBuildFile; fileRef = 2719F02A2464B1F90065688E /* Contents.json */; };
		2719F0942464B1F90065688E /* oak-tree-76.png in Resources */ = {isa = PBXBuildFile; fileRef = 2719F02B2464B1F90065688E /* oak-tree-76.png */; };
		2719F0952464B1F90065688E /* oak-tree-1024.png in Resources */ = {isa = PBXBuildFile; fileRef = 2719F02C2464B1F90065688E /* oak-tree-1024.png */; };
		2719F0962464B1F90065688E /* bookData.json in Resources */ = {isa = PBXBuildFile; fileRef = 2719F02D2464B1F90065688E /* bookData.json */; };
		2719F0992464B2140065688E /* Book.swift in Sources */ = {isa = PBXBuildFile; fileRef = 2719F0972464B2140065688E /* Book.swift */; };
		2719F09A2464B2140065688E /* bookData.swift in Sources */ = {isa = PBXBuildFile; fileRef = 2719F0982464B2140065688E /* bookData.swift */; };
		2719F09E2464C32E0065688E /* Library.swift in Sources */ = {isa = PBXBuildFile; fileRef = 2719F09D2464C32E0065688E /* Library.swift */; };
		2719F0A12464C33C0065688E /* CustomCollectionView.swift in Sources */ = {isa = PBXBuildFile; fileRef = 2719F09F2464C33C0065688E /* CustomCollectionView.swift */; };
		2719F0A22464C33C0065688E /* CollectionView.swift in Sources */ = {isa = PBXBuildFile; fileRef = 2719F0A02464C33C0065688E /* CollectionView.swift */; };
		2719F0A52464C3950065688E /* BookCell.swift in Sources */ = {isa = PBXBuildFile; fileRef = 2719F0A42464C3950065688E /* BookCell.swift */; };
		27277663246601B4007A6CBF /* BookData.swift in Sources */ = {isa = PBXBuildFile; fileRef = 27277662246601B4007A6CBF /* BookData.swift */; };
		27277666246607FE007A6CBF /* BookDetail.swift in Sources */ = {isa = PBXBuildFile; fileRef = 27277665246607FE007A6CBF /* BookDetail.swift */; };
		2727766C24660B36007A6CBF /* SearchPage.swift in Sources */ = {isa = PBXBuildFile; fileRef = 2727766824660B36007A6CBF /* SearchPage.swift */; };
		2727766D24660B36007A6CBF /* SearchBar.swift in Sources */ = {isa = PBXBuildFile; fileRef = 2727766924660B36007A6CBF /* SearchBar.swift */; };
		2727766E24660B36007A6CBF /* HyperLink.swift in Sources */ = {isa = PBXBuildFile; fileRef = 2727766A24660B36007A6CBF /* HyperLink.swift */; };
		2727766F24660B36007A6CBF /* SearchRow.swift in Sources */ = {isa = PBXBuildFile; fileRef = 2727766B24660B36007A6CBF /* SearchRow.swift */; };
		2727767224660DEB007A6CBF /* StorePage.swift in Sources */ = {isa = PBXBuildFile; fileRef = 2727767024660DEB007A6CBF /* StorePage.swift */; };
		2727767324660DEB007A6CBF /* StoreRow.swift in Sources */ = {isa = PBXBuildFile; fileRef = 2727767124660DEB007A6CBF /* StoreRow.swift */; };
		2736111124772EFF00411C0F /* CustomFlowLayout.swift in Sources */ = {isa = PBXBuildFile; fileRef = 2736111024772EFF00411C0F /* CustomFlowLayout.swift */; };
		274385CB247884CC0029F00F /* Loading.jpg in Resources */ = {isa = PBXBuildFile; fileRef = 274385CA247884CC0029F00F /* Loading.jpg */; };
		274385CD247884D20029F00F /* Unavailable.jpg in Resources */ = {isa = PBXBuildFile; fileRef = 274385CC247884D20029F00F /* Unavailable.jpg */; };
		27459DF324706FD500874C77 /* Helpers.swift in Sources */ = {isa = PBXBuildFile; fileRef = 27459DF224706FD500874C77 /* Helpers.swift */; };
		278BE88B2464AA9A00606A39 /* AppDelegate.swift in Sources */ = {isa = PBXBuildFile; fileRef = 278BE88A2464AA9A00606A39 /* AppDelegate.swift */; };
		278BE88D2464AA9A00606A39 /* SceneDelegate.swift in Sources */ = {isa = PBXBuildFile; fileRef = 278BE88C2464AA9A00606A39 /* SceneDelegate.swift */; };
		278BE8902464AA9A00606A39 /* BookAppFB.xcdatamodeld in Sources */ = {isa = PBXBuildFile; fileRef = 278BE88E2464AA9A00606A39 /* BookAppFB.xcdatamodeld */; };
		278BE8922464AA9A00606A39 /* ContentView.swift in Sources */ = {isa = PBXBuildFile; fileRef = 278BE8912464AA9A00606A39 /* ContentView.swift */; };
		278BE8942464AA9C00606A39 /* Assets.xcassets in Resources */ = {isa = PBXBuildFile; fileRef = 278BE8932464AA9C00606A39 /* Assets.xcassets */; };
		278BE8972464AA9C00606A39 /* Preview Assets.xcassets in Resources */ = {isa = PBXBuildFile; fileRef = 278BE8962464AA9C00606A39 /* Preview Assets.xcassets */; };
		278BE89A2464AA9C00606A39 /* LaunchScreen.storyboard in Resources */ = {isa = PBXBuildFile; fileRef = 278BE8982464AA9C00606A39 /* LaunchScreen.storyboard */; };
		278BE8A42464AE4B00606A39 /* BookRepository.swift in Sources */ = {isa = PBXBuildFile; fileRef = 278BE8A32464AE4B00606A39 /* BookRepository.swift */; };
		27A9F51B246515DD00D6B17A /* GoogleService-Info.plist in Resources */ = {isa = PBXBuildFile; fileRef = 27A9F51A246515DD00D6B17A /* GoogleService-Info.plist */; };
		27B570822470867A00EE29C8 /* SearchBarViewModel.swift in Sources */ = {isa = PBXBuildFile; fileRef = 27B570812470867A00EE29C8 /* SearchBarViewModel.swift */; };
		27B570842470967A00EE29C8 /* Result.swift in Sources */ = {isa = PBXBuildFile; fileRef = 27B570832470967A00EE29C8 /* Result.swift */; };
		27B570862470988D00EE29C8 /* RecentSearch.swift in Sources */ = {isa = PBXBuildFile; fileRef = 27B570852470988D00EE29C8 /* RecentSearch.swift */; };
		27B5708A2470A2D200EE29C8 /* SearchPageStore.swift in Sources */ = {isa = PBXBuildFile; fileRef = 27B570892470A2D200EE29C8 /* SearchPageStore.swift */; };
/* End PBXBuildFile section */

/* Begin PBXFileReference section */
		20D808EA42C734324CDA39F2 /* Pods-BookAppFB.debug.xcconfig */ = {isa = PBXFileReference; includeInIndex = 1; lastKnownFileType = text.xcconfig; name = "Pods-BookAppFB.debug.xcconfig"; path = "Target Support Files/Pods-BookAppFB/Pods-BookAppFB.debug.xcconfig"; sourceTree = "<group>"; };
		270518D12467485A00D862A5 /* Store.swift */ = {isa = PBXFileReference; lastKnownFileType = sourcecode.swift; path = Store.swift; sourceTree = "<group>"; };
		2719523A246F83FA00F9E0B5 /* Recent.swift */ = {isa = PBXFileReference; lastKnownFileType = sourcecode.swift; path = Recent.swift; sourceTree = "<group>"; };
		2719F01D2464B1F90065688E /* oak-tree-40@2x.png */ = {isa = PBXFileReference; lastKnownFileType = image.png; path = "oak-tree-40@2x.png"; sourceTree = "<group>"; };
		2719F01E2464B1F90065688E /* oak-tree-76@2x.png */ = {isa = PBXFileReference; lastKnownFileType = image.png; path = "oak-tree-76@2x.png"; sourceTree = "<group>"; };
		2719F01F2464B1F90065688E /* oak-tree-40.png */ = {isa = PBXFileReference; lastKnownFileType = image.png; path = "oak-tree-40.png"; sourceTree = "<group>"; };
		2719F0202464B1F90065688E /* oak-tree-40@3x.png */ = {isa = PBXFileReference; lastKnownFileType = image.png; path = "oak-tree-40@3x.png"; sourceTree = "<group>"; };
		2719F0212464B1F90065688E /* oak-tree-29@2x.png */ = {isa = PBXFileReference; lastKnownFileType = image.png; path = "oak-tree-29@2x.png"; sourceTree = "<group>"; };
		2719F0222464B1F90065688E /* oak-tree-20.png */ = {isa = PBXFileReference; lastKnownFileType = image.png; path = "oak-tree-20.png"; sourceTree = "<group>"; };
		2719F0232464B1F90065688E /* oak-tree-60@3x.png */ = {isa = PBXFileReference; lastKnownFileType = image.png; path = "oak-tree-60@3x.png"; sourceTree = "<group>"; };
		2719F0242464B1F90065688E /* oak-tree-60@2x.png */ = {isa = PBXFileReference; lastKnownFileType = image.png; path = "oak-tree-60@2x.png"; sourceTree = "<group>"; };
		2719F0252464B1F90065688E /* oak-tree-29@3x.png */ = {isa = PBXFileReference; lastKnownFileType = image.png; path = "oak-tree-29@3x.png"; sourceTree = "<group>"; };
		2719F0262464B1F90065688E /* oak-tree-83.5@2x.png */ = {isa = PBXFileReference; lastKnownFileType = image.png; path = "oak-tree-83.5@2x.png"; sourceTree = "<group>"; };
		2719F0272464B1F90065688E /* oak-tree-20@3x.png */ = {isa = PBXFileReference; lastKnownFileType = image.png; path = "oak-tree-20@3x.png"; sourceTree = "<group>"; };
		2719F0282464B1F90065688E /* oak-tree-29.png */ = {isa = PBXFileReference; lastKnownFileType = image.png; path = "oak-tree-29.png"; sourceTree = "<group>"; };
		2719F0292464B1F90065688E /* oak-tree-20@2x.png */ = {isa = PBXFileReference; lastKnownFileType = image.png; path = "oak-tree-20@2x.png"; sourceTree = "<group>"; };
		2719F02A2464B1F90065688E /* Contents.json */ = {isa = PBXFileReference; fileEncoding = 4; lastKnownFileType = text.json; path = Contents.json; sourceTree = "<group>"; };
		2719F02B2464B1F90065688E /* oak-tree-76.png */ = {isa = PBXFileReference; lastKnownFileType = image.png; path = "oak-tree-76.png"; sourceTree = "<group>"; };
		2719F02C2464B1F90065688E /* oak-tree-1024.png */ = {isa = PBXFileReference; lastKnownFileType = image.png; path = "oak-tree-1024.png"; sourceTree = "<group>"; };
		2719F02D2464B1F90065688E /* bookData.json */ = {isa = PBXFileReference; fileEncoding = 4; lastKnownFileType = text.json; path = bookData.json; sourceTree = "<group>"; };
		2719F0972464B2140065688E /* Book.swift */ = {isa = PBXFileReference; fileEncoding = 4; lastKnownFileType = sourcecode.swift; path = Book.swift; sourceTree = "<group>"; };
		2719F0982464B2140065688E /* bookData.swift */ = {isa = PBXFileReference; fileEncoding = 4; lastKnownFileType = sourcecode.swift; path = bookData.swift; sourceTree = "<group>"; };
		2719F09D2464C32E0065688E /* Library.swift */ = {isa = PBXFileReference; fileEncoding = 4; lastKnownFileType = sourcecode.swift; path = Library.swift; sourceTree = "<group>"; };
		2719F09F2464C33C0065688E /* CustomCollectionView.swift */ = {isa = PBXFileReference; fileEncoding = 4; lastKnownFileType = sourcecode.swift; path = CustomCollectionView.swift; sourceTree = "<group>"; };
		2719F0A02464C33C0065688E /* CollectionView.swift */ = {isa = PBXFileReference; fileEncoding = 4; lastKnownFileType = sourcecode.swift; path = CollectionView.swift; sourceTree = "<group>"; };
		2719F0A42464C3950065688E /* BookCell.swift */ = {isa = PBXFileReference; fileEncoding = 4; lastKnownFileType = sourcecode.swift; path = BookCell.swift; sourceTree = "<group>"; };
		27277662246601B4007A6CBF /* BookData.swift */ = {isa = PBXFileReference; lastKnownFileType = sourcecode.swift; path = BookData.swift; sourceTree = "<group>"; };
		27277665246607FE007A6CBF /* BookDetail.swift */ = {isa = PBXFileReference; fileEncoding = 4; lastKnownFileType = sourcecode.swift; path = BookDetail.swift; sourceTree = "<group>"; };
		2727766824660B36007A6CBF /* SearchPage.swift */ = {isa = PBXFileReference; fileEncoding = 4; lastKnownFileType = sourcecode.swift; path = SearchPage.swift; sourceTree = "<group>"; };
		2727766924660B36007A6CBF /* SearchBar.swift */ = {isa = PBXFileReference; fileEncoding = 4; lastKnownFileType = sourcecode.swift; path = SearchBar.swift; sourceTree = "<group>"; };
		2727766A24660B36007A6CBF /* HyperLink.swift */ = {isa = PBXFileReference; fileEncoding = 4; lastKnownFileType = sourcecode.swift; path = HyperLink.swift; sourceTree = "<group>"; };
		2727766B24660B36007A6CBF /* SearchRow.swift */ = {isa = PBXFileReference; fileEncoding = 4; lastKnownFileType = sourcecode.swift; path = SearchRow.swift; sourceTree = "<group>"; };
		2727767024660DEB007A6CBF /* StorePage.swift */ = {isa = PBXFileReference; fileEncoding = 4; lastKnownFileType = sourcecode.swift; path = StorePage.swift; sourceTree = "<group>"; };
		2727767124660DEB007A6CBF /* StoreRow.swift */ = {isa = PBXFileReference; fileEncoding = 4; lastKnownFileType = sourcecode.swift; path = StoreRow.swift; sourceTree = "<group>"; };
		2736111024772EFF00411C0F /* CustomFlowLayout.swift */ = {isa = PBXFileReference; lastKnownFileType = sourcecode.swift; path = CustomFlowLayout.swift; sourceTree = "<group>"; };
		274385CA247884CC0029F00F /* Loading.jpg */ = {isa = PBXFileReference; lastKnownFileType = image.jpeg; path = Loading.jpg; sourceTree = "<group>"; };
		274385CC247884D20029F00F /* Unavailable.jpg */ = {isa = PBXFileReference; lastKnownFileType = image.jpeg; path = Unavailable.jpg; sourceTree = "<group>"; };
		27459DF224706FD500874C77 /* Helpers.swift */ = {isa = PBXFileReference; lastKnownFileType = sourcecode.swift; path = Helpers.swift; sourceTree = "<group>"; };
		278BE8872464AA9A00606A39 /* Library.app */ = {isa = PBXFileReference; explicitFileType = wrapper.application; includeInIndex = 0; path = Library.app; sourceTree = BUILT_PRODUCTS_DIR; };
		278BE88A2464AA9A00606A39 /* AppDelegate.swift */ = {isa = PBXFileReference; lastKnownFileType = sourcecode.swift; path = AppDelegate.swift; sourceTree = "<group>"; };
		278BE88C2464AA9A00606A39 /* SceneDelegate.swift */ = {isa = PBXFileReference; lastKnownFileType = sourcecode.swift; path = SceneDelegate.swift; sourceTree = "<group>"; };
		278BE88F2464AA9A00606A39 /* BookAppFB.xcdatamodel */ = {isa = PBXFileReference; lastKnownFileType = wrapper.xcdatamodel; path = BookAppFB.xcdatamodel; sourceTree = "<group>"; };
		278BE8912464AA9A00606A39 /* ContentView.swift */ = {isa = PBXFileReference; lastKnownFileType = sourcecode.swift; path = ContentView.swift; sourceTree = "<group>"; };
		278BE8932464AA9C00606A39 /* Assets.xcassets */ = {isa = PBXFileReference; lastKnownFileType = folder.assetcatalog; path = Assets.xcassets; sourceTree = "<group>"; };
		278BE8962464AA9C00606A39 /* Preview Assets.xcassets */ = {isa = PBXFileReference; lastKnownFileType = folder.assetcatalog; path = "Preview Assets.xcassets"; sourceTree = "<group>"; };
		278BE8992464AA9C00606A39 /* Base */ = {isa = PBXFileReference; lastKnownFileType = file.storyboard; name = Base; path = Base.lproj/LaunchScreen.storyboard; sourceTree = "<group>"; };
		278BE89B2464AA9C00606A39 /* Info.plist */ = {isa = PBXFileReference; lastKnownFileType = text.plist.xml; path = Info.plist; sourceTree = "<group>"; };
		278BE8A32464AE4B00606A39 /* BookRepository.swift */ = {isa = PBXFileReference; lastKnownFileType = sourcecode.swift; path = BookRepository.swift; sourceTree = "<group>"; };
		27A9F51A246515DD00D6B17A /* GoogleService-Info.plist */ = {isa = PBXFileReference; fileEncoding = 4; lastKnownFileType = text.plist.xml; path = "GoogleService-Info.plist"; sourceTree = "<group>"; };
		27B570812470867A00EE29C8 /* SearchBarViewModel.swift */ = {isa = PBXFileReference; lastKnownFileType = sourcecode.swift; path = SearchBarViewModel.swift; sourceTree = "<group>"; };
		27B570832470967A00EE29C8 /* Result.swift */ = {isa = PBXFileReference; lastKnownFileType = sourcecode.swift; path = Result.swift; sourceTree = "<group>"; };
		27B570852470988D00EE29C8 /* RecentSearch.swift */ = {isa = PBXFileReference; lastKnownFileType = sourcecode.swift; path = RecentSearch.swift; sourceTree = "<group>"; };
		27B570892470A2D200EE29C8 /* SearchPageStore.swift */ = {isa = PBXFileReference; lastKnownFileType = sourcecode.swift; path = SearchPageStore.swift; sourceTree = "<group>"; };
		9B5B11C5288A48185B51D9A4 /* Pods-BookAppFB.release.xcconfig */ = {isa = PBXFileReference; includeInIndex = 1; lastKnownFileType = text.xcconfig; name = "Pods-BookAppFB.release.xcconfig"; path = "Target Support Files/Pods-BookAppFB/Pods-BookAppFB.release.xcconfig"; sourceTree = "<group>"; };
		B191F4E3487F4350A7636B54 /* Pods_BookAppFB.framework */ = {isa = PBXFileReference; explicitFileType = wrapper.framework; includeInIndex = 0; path = Pods_BookAppFB.framework; sourceTree = BUILT_PRODUCTS_DIR; };
/* End PBXFileReference section */

/* Begin PBXFrameworksBuildPhase section */
		278BE8842464AA9A00606A39 /* Frameworks */ = {
			isa = PBXFrameworksBuildPhase;
			buildActionMask = 2147483647;
			files = (
				1D26C087C73F342795B1F8D6 /* Pods_BookAppFB.framework in Frameworks */,
			);
			runOnlyForDeploymentPostprocessing = 0;
		};
/* End PBXFrameworksBuildPhase section */

/* Begin PBXGroup section */
		06E4FDB26C98E761A1DF49B1 /* Pods */ = {
			isa = PBXGroup;
			children = (
				20D808EA42C734324CDA39F2 /* Pods-BookAppFB.debug.xcconfig */,
				9B5B11C5288A48185B51D9A4 /* Pods-BookAppFB.release.xcconfig */,
			);
			path = Pods;
			sourceTree = "<group>";
		};
		1695ACCD922EE51155A293B5 /* Frameworks */ = {
			isa = PBXGroup;
			children = (
				B191F4E3487F4350A7636B54 /* Pods_BookAppFB.framework */,
			);
			name = Frameworks;
			sourceTree = "<group>";
		};
		270518D02467484C00D862A5 /* Main Views */ = {
			isa = PBXGroup;
			children = (
				278BE8912464AA9A00606A39 /* ContentView.swift */,
				270518D12467485A00D862A5 /* Store.swift */,
			);
			path = "Main Views";
			sourceTree = "<group>";
		};
		2709B4B72464F4B3003DA09D /* View Models */ = {
			isa = PBXGroup;
			children = (
				27277662246601B4007A6CBF /* BookData.swift */,
				27B570812470867A00EE29C8 /* SearchBarViewModel.swift */,
			);
			path = "View Models";
			sourceTree = "<group>";
		};
		2719EFC12464B1F90065688E /* Resources */ = {
			isa = PBXGroup;
			children = (
				274385CC247884D20029F00F /* Unavailable.jpg */,
				274385CA247884CC0029F00F /* Loading.jpg */,
				2719F01C2464B1F90065688E /* AppIcon.appiconset */,
				2719F02D2464B1F90065688E /* bookData.json */,
			);
			path = Resources;
			sourceTree = "<group>";
		};
		2719F01C2464B1F90065688E /* AppIcon.appiconset */ = {
			isa = PBXGroup;
			children = (
				2719F01D2464B1F90065688E /* oak-tree-40@2x.png */,
				2719F01E2464B1F90065688E /* oak-tree-76@2x.png */,
				2719F01F2464B1F90065688E /* oak-tree-40.png */,
				2719F0202464B1F90065688E /* oak-tree-40@3x.png */,
				2719F0212464B1F90065688E /* oak-tree-29@2x.png */,
				2719F0222464B1F90065688E /* oak-tree-20.png */,
				2719F0232464B1F90065688E /* oak-tree-60@3x.png */,
				2719F0242464B1F90065688E /* oak-tree-60@2x.png */,
				2719F0252464B1F90065688E /* oak-tree-29@3x.png */,
				2719F0262464B1F90065688E /* oak-tree-83.5@2x.png */,
				2719F0272464B1F90065688E /* oak-tree-20@3x.png */,
				2719F0282464B1F90065688E /* oak-tree-29.png */,
				2719F0292464B1F90065688E /* oak-tree-20@2x.png */,
				2719F02A2464B1F90065688E /* Contents.json */,
				2719F02B2464B1F90065688E /* oak-tree-76.png */,
				2719F02C2464B1F90065688E /* oak-tree-1024.png */,
			);
			path = AppIcon.appiconset;
			sourceTree = "<group>";
		};
		2719F09B2464B22E0065688E /* Models */ = {
			isa = PBXGroup;
			children = (
				2719F0972464B2140065688E /* Book.swift */,
				2719F0982464B2140065688E /* bookData.swift */,
				2719523A246F83FA00F9E0B5 /* Recent.swift */,
				27459DF224706FD500874C77 /* Helpers.swift */,
			);
			path = Models;
			sourceTree = "<group>";
		};
		2719F09C2464B8F30065688E /* App */ = {
			isa = PBXGroup;
			children = (
				278BE88A2464AA9A00606A39 /* AppDelegate.swift */,
				278BE88C2464AA9A00606A39 /* SceneDelegate.swift */,
			);
			path = App;
			sourceTree = "<group>";
		};
		2719F0A32464C3450065688E /* CollectionView */ = {
			isa = PBXGroup;
			children = (
				2719F0A42464C3950065688E /* BookCell.swift */,
				2719F0A02464C33C0065688E /* CollectionView.swift */,
				2736111024772EFF00411C0F /* CustomFlowLayout.swift */,
				2719F09F2464C33C0065688E /* CustomCollectionView.swift */,
				2719F09D2464C32E0065688E /* Library.swift */,
			);
			path = CollectionView;
			sourceTree = "<group>";
		};
		27277664246607C8007A6CBF /* Detail Views */ = {
			isa = PBXGroup;
			children = (
				27277665246607FE007A6CBF /* BookDetail.swift */,
			);
			path = "Detail Views";
			sourceTree = "<group>";
		};
		2727766724660A7D007A6CBF /* Search Views */ = {
			isa = PBXGroup;
			children = (
				2727767024660DEB007A6CBF /* StorePage.swift */,
				2727767124660DEB007A6CBF /* StoreRow.swift */,
				2727766A24660B36007A6CBF /* HyperLink.swift */,
				2727766924660B36007A6CBF /* SearchBar.swift */,
				2727766824660B36007A6CBF /* SearchPage.swift */,
				2727766B24660B36007A6CBF /* SearchRow.swift */,
				27B570892470A2D200EE29C8 /* SearchPageStore.swift */,
				27B570832470967A00EE29C8 /* Result.swift */,
				27B570852470988D00EE29C8 /* RecentSearch.swift */,
			);
			path = "Search Views";
			sourceTree = "<group>";
		};
		278BE87E2464AA9A00606A39 = {
			isa = PBXGroup;
			children = (
				278BE8892464AA9A00606A39 /* BookAppFB */,
				278BE8882464AA9A00606A39 /* Products */,
				06E4FDB26C98E761A1DF49B1 /* Pods */,
				1695ACCD922EE51155A293B5 /* Frameworks */,
			);
			sourceTree = "<group>";
		};
		278BE8882464AA9A00606A39 /* Products */ = {
			isa = PBXGroup;
			children = (
				278BE8872464AA9A00606A39 /* Library.app */,
			);
			name = Products;
			sourceTree = "<group>";
		};
		278BE8892464AA9A00606A39 /* BookAppFB */ = {
			isa = PBXGroup;
			children = (
				2727766724660A7D007A6CBF /* Search Views */,
				2719F09C2464B8F30065688E /* App */,
				2719F09B2464B22E0065688E /* Models */,
				2709B4B72464F4B3003DA09D /* View Models */,
				278BE8A52464AE9600606A39 /* Repositories */,
				2719F0A32464C3450065688E /* CollectionView */,
				27277664246607C8007A6CBF /* Detail Views */,
				270518D02467484C00D862A5 /* Main Views */,
				278BE8932464AA9C00606A39 /* Assets.xcassets */,
				278BE8982464AA9C00606A39 /* LaunchScreen.storyboard */,
				27A9F51A246515DD00D6B17A /* GoogleService-Info.plist */,
				278BE89B2464AA9C00606A39 /* Info.plist */,
				278BE88E2464AA9A00606A39 /* BookAppFB.xcdatamodeld */,
				2719EFC12464B1F90065688E /* Resources */,
				278BE8952464AA9C00606A39 /* Preview Content */,
			);
			path = BookAppFB;
			sourceTree = "<group>";
		};
		278BE8952464AA9C00606A39 /* Preview Content */ = {
			isa = PBXGroup;
			children = (
				278BE8962464AA9C00606A39 /* Preview Assets.xcassets */,
			);
			path = "Preview Content";
			sourceTree = "<group>";
		};
		278BE8A52464AE9600606A39 /* Repositories */ = {
			isa = PBXGroup;
			children = (
				278BE8A32464AE4B00606A39 /* BookRepository.swift */,
			);
			path = Repositories;
			sourceTree = "<group>";
		};
/* End PBXGroup section */

/* Begin PBXNativeTarget section */
		278BE8862464AA9A00606A39 /* BookAppFB */ = {
			isa = PBXNativeTarget;
			buildConfigurationList = 278BE89E2464AA9C00606A39 /* Build configuration list for PBXNativeTarget "BookAppFB" */;
			buildPhases = (
				17ADEAA8B2F8848545C5DE14 /* [CP] Check Pods Manifest.lock */,
				278BE8832464AA9A00606A39 /* Sources */,
				278BE8842464AA9A00606A39 /* Frameworks */,
				278BE8852464AA9A00606A39 /* Resources */,
				DD763CB83B3DA4CC6B3464C2 /* [CP] Embed Pods Frameworks */,
			);
			buildRules = (
			);
			dependencies = (
			);
			name = BookAppFB;
			productName = BookAppFB;
			productReference = 278BE8872464AA9A00606A39 /* Library.app */;
			productType = "com.apple.product-type.application";
		};
/* End PBXNativeTarget section */

/* Begin PBXProject section */
		278BE87F2464AA9A00606A39 /* Project object */ = {
			isa = PBXProject;
			attributes = {
				LastSwiftUpdateCheck = 1140;
				LastUpgradeCheck = 1140;
				ORGANIZATIONNAME = "Kyle Burns";
				TargetAttributes = {
					278BE8862464AA9A00606A39 = {
						CreatedOnToolsVersion = 11.4;
					};
				};
			};
			buildConfigurationList = 278BE8822464AA9A00606A39 /* Build configuration list for PBXProject "BookAppFB" */;
			compatibilityVersion = "Xcode 9.3";
			developmentRegion = en;
			hasScannedForEncodings = 0;
			knownRegions = (
				en,
				Base,
			);
			mainGroup = 278BE87E2464AA9A00606A39;
			productRefGroup = 278BE8882464AA9A00606A39 /* Products */;
			projectDirPath = "";
			projectRoot = "";
			targets = (
				278BE8862464AA9A00606A39 /* BookAppFB */,
			);
		};
/* End PBXProject section */

/* Begin PBXResourcesBuildPhase section */
		278BE8852464AA9A00606A39 /* Resources */ = {
			isa = PBXResourcesBuildPhase;
			buildActionMask = 2147483647;
			files = (
				2719F08F2464B1F90065688E /* oak-tree-83.5@2x.png in Resources */,
				2719F08D2464B1F90065688E /* oak-tree-60@2x.png in Resources */,
				2719F0962464B1F90065688E /* bookData.json in Resources */,
				2719F0932464B1F90065688E /* Contents.json in Resources */,
				2719F0952464B1F90065688E /* oak-tree-1024.png in Resources */,
				2719F0892464B1F90065688E /* oak-tree-40@3x.png in Resources */,
				2719F08E2464B1F90065688E /* oak-tree-29@3x.png in Resources */,
				2719F0922464B1F90065688E /* oak-tree-20@2x.png in Resources */,
				27A9F51B246515DD00D6B17A /* GoogleService-Info.plist in Resources */,
				2719F0882464B1F90065688E /* oak-tree-40.png in Resources */,
				278BE89A2464AA9C00606A39 /* LaunchScreen.storyboard in Resources */,
				2719F0912464B1F90065688E /* oak-tree-29.png in Resources */,
				2719F08A2464B1F90065688E /* oak-tree-29@2x.png in Resources */,
				2719F08C2464B1F90065688E /* oak-tree-60@3x.png in Resources */,
				274385CB247884CC0029F00F /* Loading.jpg in Resources */,
				274385CD247884D20029F00F /* Unavailable.jpg in Resources */,
				2719F08B2464B1F90065688E /* oak-tree-20.png in Resources */,
				2719F0862464B1F90065688E /* oak-tree-40@2x.png in Resources */,
				2719F0872464B1F90065688E /* oak-tree-76@2x.png in Resources */,
				2719F0902464B1F90065688E /* oak-tree-20@3x.png in Resources */,
				278BE8972464AA9C00606A39 /* Preview Assets.xcassets in Resources */,
				278BE8942464AA9C00606A39 /* Assets.xcassets in Resources */,
				2719F0942464B1F90065688E /* oak-tree-76.png in Resources */,
			);
			runOnlyForDeploymentPostprocessing = 0;
		};
/* End PBXResourcesBuildPhase section */

/* Begin PBXShellScriptBuildPhase section */
		17ADEAA8B2F8848545C5DE14 /* [CP] Check Pods Manifest.lock */ = {
			isa = PBXShellScriptBuildPhase;
			buildActionMask = 2147483647;
			files = (
			);
			inputFileListPaths = (
			);
			inputPaths = (
				"${PODS_PODFILE_DIR_PATH}/Podfile.lock",
				"${PODS_ROOT}/Manifest.lock",
			);
			name = "[CP] Check Pods Manifest.lock";
			outputFileListPaths = (
			);
			outputPaths = (
				"$(DERIVED_FILE_DIR)/Pods-BookAppFB-checkManifestLockResult.txt",
			);
			runOnlyForDeploymentPostprocessing = 0;
			shellPath = /bin/sh;
			shellScript = "diff \"${PODS_PODFILE_DIR_PATH}/Podfile.lock\" \"${PODS_ROOT}/Manifest.lock\" > /dev/null\nif [ $? != 0 ] ; then\n    # print error to STDERR\n    echo \"error: The sandbox is not in sync with the Podfile.lock. Run 'pod install' or update your CocoaPods installation.\" >&2\n    exit 1\nfi\n# This output is used by Xcode 'outputs' to avoid re-running this script phase.\necho \"SUCCESS\" > \"${SCRIPT_OUTPUT_FILE_0}\"\n";
			showEnvVarsInLog = 0;
		};
		DD763CB83B3DA4CC6B3464C2 /* [CP] Embed Pods Frameworks */ = {
			isa = PBXShellScriptBuildPhase;
			buildActionMask = 2147483647;
			files = (
			);
			inputFileListPaths = (
				"${PODS_ROOT}/Target Support Files/Pods-BookAppFB/Pods-BookAppFB-frameworks-${CONFIGURATION}-input-files.xcfilelist",
			);
			name = "[CP] Embed Pods Frameworks";
			outputFileListPaths = (
				"${PODS_ROOT}/Target Support Files/Pods-BookAppFB/Pods-BookAppFB-frameworks-${CONFIGURATION}-output-files.xcfilelist",
			);
			runOnlyForDeploymentPostprocessing = 0;
			shellPath = /bin/sh;
			shellScript = "\"${PODS_ROOT}/Target Support Files/Pods-BookAppFB/Pods-BookAppFB-frameworks.sh\"\n";
			showEnvVarsInLog = 0;
		};
/* End PBXShellScriptBuildPhase section */

/* Begin PBXSourcesBuildPhase section */
		278BE8832464AA9A00606A39 /* Sources */ = {
			isa = PBXSourcesBuildPhase;
			buildActionMask = 2147483647;
			files = (
				27B570842470967A00EE29C8 /* Result.swift in Sources */,
				2719F0A12464C33C0065688E /* CustomCollectionView.swift in Sources */,
				2727767324660DEB007A6CBF /* StoreRow.swift in Sources */,
				27B570862470988D00EE29C8 /* RecentSearch.swift in Sources */,
				278BE8902464AA9A00606A39 /* BookAppFB.xcdatamodeld in Sources */,
				2719F0A52464C3950065688E /* BookCell.swift in Sources */,
				270518D22467485A00D862A5 /* Store.swift in Sources */,
				278BE88B2464AA9A00606A39 /* AppDelegate.swift in Sources */,
				2727766D24660B36007A6CBF /* SearchBar.swift in Sources */,
				27277663246601B4007A6CBF /* BookData.swift in Sources */,
				27B5708A2470A2D200EE29C8 /* SearchPageStore.swift in Sources */,
				2727767224660DEB007A6CBF /* StorePage.swift in Sources */,
				2719F09A2464B2140065688E /* bookData.swift in Sources */,
				2719F0992464B2140065688E /* Book.swift in Sources */,
				27277666246607FE007A6CBF /* BookDetail.swift in Sources */,
				278BE8A42464AE4B00606A39 /* BookRepository.swift in Sources */,
				2727766C24660B36007A6CBF /* SearchPage.swift in Sources */,
				2719F0A22464C33C0065688E /* CollectionView.swift in Sources */,
				2719F09E2464C32E0065688E /* Library.swift in Sources */,
				2727766F24660B36007A6CBF /* SearchRow.swift in Sources */,
				278BE8922464AA9A00606A39 /* ContentView.swift in Sources */,
				27B570822470867A00EE29C8 /* SearchBarViewModel.swift in Sources */,
				278BE88D2464AA9A00606A39 /* SceneDelegate.swift in Sources */,
				27459DF324706FD500874C77 /* Helpers.swift in Sources */,
				2719523B246F83FA00F9E0B5 /* Recent.swift in Sources */,
				2736111124772EFF00411C0F /* CustomFlowLayout.swift in Sources */,
				2727766E24660B36007A6CBF /* HyperLink.swift in Sources */,
			);
			runOnlyForDeploymentPostprocessing = 0;
		};
/* End PBXSourcesBuildPhase section */

/* Begin PBXVariantGroup section */
		278BE8982464AA9C00606A39 /* LaunchScreen.storyboard */ = {
			isa = PBXVariantGroup;
			children = (
				278BE8992464AA9C00606A39 /* Base */,
			);
			name = LaunchScreen.storyboard;
			sourceTree = "<group>";
		};
/* End PBXVariantGroup section */

/* Begin XCBuildConfiguration section */
		278BE89C2464AA9C00606A39 /* Debug */ = {
			isa = XCBuildConfiguration;
			buildSettings = {
				ALWAYS_SEARCH_USER_PATHS = NO;
				CLANG_ANALYZER_NONNULL = YES;
				CLANG_ANALYZER_NUMBER_OBJECT_CONVERSION = YES_AGGRESSIVE;
				CLANG_CXX_LANGUAGE_STANDARD = "gnu++14";
				CLANG_CXX_LIBRARY = "libc++";
				CLANG_ENABLE_MODULES = YES;
				CLANG_ENABLE_OBJC_ARC = YES;
				CLANG_ENABLE_OBJC_WEAK = YES;
				CLANG_WARN_BLOCK_CAPTURE_AUTORELEASING = YES;
				CLANG_WARN_BOOL_CONVERSION = YES;
				CLANG_WARN_COMMA = YES;
				CLANG_WARN_CONSTANT_CONVERSION = YES;
				CLANG_WARN_DEPRECATED_OBJC_IMPLEMENTATIONS = YES;
				CLANG_WARN_DIRECT_OBJC_ISA_USAGE = YES_ERROR;
				CLANG_WARN_DOCUMENTATION_COMMENTS = YES;
				CLANG_WARN_EMPTY_BODY = YES;
				CLANG_WARN_ENUM_CONVERSION = YES;
				CLANG_WARN_INFINITE_RECURSION = YES;
				CLANG_WARN_INT_CONVERSION = YES;
				CLANG_WARN_NON_LITERAL_NULL_CONVERSION = YES;
				CLANG_WARN_OBJC_IMPLICIT_RETAIN_SELF = YES;
				CLANG_WARN_OBJC_LITERAL_CONVERSION = YES;
				CLANG_WARN_OBJC_ROOT_CLASS = YES_ERROR;
				CLANG_WARN_RANGE_LOOP_ANALYSIS = YES;
				CLANG_WARN_STRICT_PROTOTYPES = YES;
				CLANG_WARN_SUSPICIOUS_MOVE = YES;
				CLANG_WARN_UNGUARDED_AVAILABILITY = YES_AGGRESSIVE;
				CLANG_WARN_UNREACHABLE_CODE = YES;
				CLANG_WARN__DUPLICATE_METHOD_MATCH = YES;
				COPY_PHASE_STRIP = NO;
				DEBUG_INFORMATION_FORMAT = dwarf;
				ENABLE_STRICT_OBJC_MSGSEND = YES;
				ENABLE_TESTABILITY = YES;
				GCC_C_LANGUAGE_STANDARD = gnu11;
				GCC_DYNAMIC_NO_PIC = NO;
				GCC_NO_COMMON_BLOCKS = YES;
				GCC_OPTIMIZATION_LEVEL = 0;
				GCC_PREPROCESSOR_DEFINITIONS = (
					"DEBUG=1",
					"$(inherited)",
				);
				GCC_WARN_64_TO_32_BIT_CONVERSION = YES;
				GCC_WARN_ABOUT_RETURN_TYPE = YES_ERROR;
				GCC_WARN_UNDECLARED_SELECTOR = YES;
				GCC_WARN_UNINITIALIZED_AUTOS = YES_AGGRESSIVE;
				GCC_WARN_UNUSED_FUNCTION = YES;
				GCC_WARN_UNUSED_VARIABLE = YES;
				IPHONEOS_DEPLOYMENT_TARGET = 13.4;
				MTL_ENABLE_DEBUG_INFO = INCLUDE_SOURCE;
				MTL_FAST_MATH = YES;
				ONLY_ACTIVE_ARCH = YES;
				SDKROOT = iphoneos;
				SWIFT_ACTIVE_COMPILATION_CONDITIONS = DEBUG;
				SWIFT_OPTIMIZATION_LEVEL = "-Onone";
			};
			name = Debug;
		};
		278BE89D2464AA9C00606A39 /* Release */ = {
			isa = XCBuildConfiguration;
			buildSettings = {
				ALWAYS_SEARCH_USER_PATHS = NO;
				CLANG_ANALYZER_NONNULL = YES;
				CLANG_ANALYZER_NUMBER_OBJECT_CONVERSION = YES_AGGRESSIVE;
				CLANG_CXX_LANGUAGE_STANDARD = "gnu++14";
				CLANG_CXX_LIBRARY = "libc++";
				CLANG_ENABLE_MODULES = YES;
				CLANG_ENABLE_OBJC_ARC = YES;
				CLANG_ENABLE_OBJC_WEAK = YES;
				CLANG_WARN_BLOCK_CAPTURE_AUTORELEASING = YES;
				CLANG_WARN_BOOL_CONVERSION = YES;
				CLANG_WARN_COMMA = YES;
				CLANG_WARN_CONSTANT_CONVERSION = YES;
				CLANG_WARN_DEPRECATED_OBJC_IMPLEMENTATIONS = YES;
				CLANG_WARN_DIRECT_OBJC_ISA_USAGE = YES_ERROR;
				CLANG_WARN_DOCUMENTATION_COMMENTS = YES;
				CLANG_WARN_EMPTY_BODY = YES;
				CLANG_WARN_ENUM_CONVERSION = YES;
				CLANG_WARN_INFINITE_RECURSION = YES;
				CLANG_WARN_INT_CONVERSION = YES;
				CLANG_WARN_NON_LITERAL_NULL_CONVERSION = YES;
				CLANG_WARN_OBJC_IMPLICIT_RETAIN_SELF = YES;
				CLANG_WARN_OBJC_LITERAL_CONVERSION = YES;
				CLANG_WARN_OBJC_ROOT_CLASS = YES_ERROR;
				CLANG_WARN_RANGE_LOOP_ANALYSIS = YES;
				CLANG_WARN_STRICT_PROTOTYPES = YES;
				CLANG_WARN_SUSPICIOUS_MOVE = YES;
				CLANG_WARN_UNGUARDED_AVAILABILITY = YES_AGGRESSIVE;
				CLANG_WARN_UNREACHABLE_CODE = YES;
				CLANG_WARN__DUPLICATE_METHOD_MATCH = YES;
				COPY_PHASE_STRIP = NO;
				DEBUG_INFORMATION_FORMAT = "dwarf-with-dsym";
				ENABLE_NS_ASSERTIONS = NO;
				ENABLE_STRICT_OBJC_MSGSEND = YES;
				GCC_C_LANGUAGE_STANDARD = gnu11;
				GCC_NO_COMMON_BLOCKS = YES;
				GCC_WARN_64_TO_32_BIT_CONVERSION = YES;
				GCC_WARN_ABOUT_RETURN_TYPE = YES_ERROR;
				GCC_WARN_UNDECLARED_SELECTOR = YES;
				GCC_WARN_UNINITIALIZED_AUTOS = YES_AGGRESSIVE;
				GCC_WARN_UNUSED_FUNCTION = YES;
				GCC_WARN_UNUSED_VARIABLE = YES;
				IPHONEOS_DEPLOYMENT_TARGET = 13.4;
				MTL_ENABLE_DEBUG_INFO = NO;
				MTL_FAST_MATH = YES;
				SDKROOT = iphoneos;
				SWIFT_COMPILATION_MODE = wholemodule;
				SWIFT_OPTIMIZATION_LEVEL = "-O";
				VALIDATE_PRODUCT = YES;
			};
			name = Release;
		};
		278BE89F2464AA9C00606A39 /* Debug */ = {
			isa = XCBuildConfiguration;
			baseConfigurationReference = 20D808EA42C734324CDA39F2 /* Pods-BookAppFB.debug.xcconfig */;
			buildSettings = {
				ASSETCATALOG_COMPILER_APPICON_NAME = AppIcon;
				CODE_SIGN_STYLE = Automatic;
				DEVELOPMENT_ASSET_PATHS = "\"BookAppFB/Preview Content\"";
				DEVELOPMENT_TEAM = V7TDWR6J46;
				ENABLE_PREVIEWS = YES;
				INFOPLIST_FILE = BookAppFB/Info.plist;
				LD_RUNPATH_SEARCH_PATHS = (
					"$(inherited)",
					"@executable_path/Frameworks",
				);
				PRODUCT_BUNDLE_IDENTIFIER = kyle.BookAppFB;
				PRODUCT_NAME = Library;
				SWIFT_VERSION = 5.0;
				TARGETED_DEVICE_FAMILY = "1,2";
			};
			name = Debug;
		};
		278BE8A02464AA9C00606A39 /* Release */ = {
			isa = XCBuildConfiguration;
			baseConfigurationReference = 9B5B11C5288A48185B51D9A4 /* Pods-BookAppFB.release.xcconfig */;
			buildSettings = {
				ASSETCATALOG_COMPILER_APPICON_NAME = AppIcon;
				CODE_SIGN_STYLE = Automatic;
				DEVELOPMENT_ASSET_PATHS = "\"BookAppFB/Preview Content\"";
				DEVELOPMENT_TEAM = V7TDWR6J46;
				ENABLE_PREVIEWS = YES;
				INFOPLIST_FILE = BookAppFB/Info.plist;
				LD_RUNPATH_SEARCH_PATHS = (
					"$(inherited)",
					"@executable_path/Frameworks",
				);
				PRODUCT_BUNDLE_IDENTIFIER = kyle.BookAppFB;
				PRODUCT_NAME = Library;
				SWIFT_VERSION = 5.0;
				TARGETED_DEVICE_FAMILY = "1,2";
			};
			name = Release;
		};
/* End XCBuildConfiguration section */

/* Begin XCConfigurationList section */
		278BE8822464AA9A00606A39 /* Build configuration list for PBXProject "BookAppFB" */ = {
			isa = XCConfigurationList;
			buildConfigurations = (
				278BE89C2464AA9C00606A39 /* Debug */,
				278BE89D2464AA9C00606A39 /* Release */,
			);
			defaultConfigurationIsVisible = 0;
			defaultConfigurationName = Release;
		};
		278BE89E2464AA9C00606A39 /* Build configuration list for PBXNativeTarget "BookAppFB" */ = {
			isa = XCConfigurationList;
			buildConfigurations = (
				278BE89F2464AA9C00606A39 /* Debug */,
				278BE8A02464AA9C00606A39 /* Release */,
			);
			defaultConfigurationIsVisible = 0;
			defaultConfigurationName = Release;
		};
/* End XCConfigurationList section */

/* Begin XCVersionGroup section */
		278BE88E2464AA9A00606A39 /* BookAppFB.xcdatamodeld */ = {
			isa = XCVersionGroup;
			children = (
				278BE88F2464AA9A00606A39 /* BookAppFB.xcdatamodel */,
			);
			currentVersion = 278BE88F2464AA9A00606A39 /* BookAppFB.xcdatamodel */;
			path = BookAppFB.xcdatamodeld;
			sourceTree = "<group>";
			versionGroupType = wrapper.xcdatamodel;
		};
/* End XCVersionGroup section */
	};
	rootObject = 278BE87F2464AA9A00606A39 /* Project object */;
}
